
Microsoft Visual Studio Solution File, Format Version 12.00
# Visual Studio 15
VisualStudioVersion = 15.0.28307.1300
MinimumVisualStudioVersion = 10.0.40219.1
Project("{00D1A9C2-B5F0-4AF3-8072-F6C62B433612}") = "GitDep_db", "GitDep_db\GitDep_db.sqlproj", "{0FADAFDD-4E03-4B35-AA37-73D8F23ED826}"
EndProject
Global
	GlobalSection(SolutionConfigurationPlatforms) = preSolution
		Debug|Any CPU = Debug|Any CPU
		Release|Any CPU = Release|Any CPU
	EndGlobalSection
	GlobalSection(ProjectConfigurationPlatforms) = postSolution
		{0FADAFDD-4E03-4B35-AA37-73D8F23ED826}.Debug|Any CPU.ActiveCfg = Debug|Any CPU
		{0FADAFDD-4E03-4B35-AA37-73D8F23ED826}.Debug|Any CPU.Build.0 = Debug|Any CPU
		{0FADAFDD-4E03-4B35-AA37-73D8F23ED826}.Debug|Any CPU.Deploy.0 = Debug|Any CPU
		{0FADAFDD-4E03-4B35-AA37-73D8F23ED826}.Release|Any CPU.ActiveCfg = Release|Any CPU
		{0FADAFDD-4E03-4B35-AA37-73D8F23ED826}.Release|Any CPU.Build.0 = Release|Any CPU
		{0FADAFDD-4E03-4B35-AA37-73D8F23ED826}.Release|Any CPU.Deploy.0 = Release|Any CPU
	EndGlobalSection
	GlobalSection(SolutionProperties) = preSolution
		HideSolutionNode = FALSE
	EndGlobalSection
	GlobalSection(ExtensibilityGlobals) = postSolution
		SolutionGuid = {F935CD8D-951F-4385-9EEB-982928093831}
	EndGlobalSection
EndGlobal
